
Microsoft Visual Studio Solution File, Format Version 12.00
# Visual Studio Version 17
VisualStudioVersion = 17.3.32901.215
MinimumVisualStudioVersion = 10.0.40219.1
Project("{FAE04EC0-301F-11D3-BF4B-00C04F79EFBC}") = "PL", "PL\PL.csproj", "{42D287D9-4504-476E-9793-922F7B4465F8}"
EndProject
Project("{FAE04EC0-301F-11D3-BF4B-00C04F79EFBC}") = "BL", "BL\BL.csproj", "{C6D1634F-3AC8-40AB-9A02-1B8D0F9CFAA3}"
EndProject
Global
	GlobalSection(SolutionConfigurationPlatforms) = preSolution
		Debug|Any CPU = Debug|Any CPU
		Release|Any CPU = Release|Any CPU
	EndGlobalSection
	GlobalSection(ProjectConfigurationPlatforms) = postSolution
		{42D287D9-4504-476E-9793-922F7B4465F8}.Debug|Any CPU.ActiveCfg = Debug|Any CPU
		{42D287D9-4504-476E-9793-922F7B4465F8}.Debug|Any CPU.Build.0 = Debug|Any CPU
		{42D287D9-4504-476E-9793-922F7B4465F8}.Release|Any CPU.ActiveCfg = Release|Any CPU
		{42D287D9-4504-476E-9793-922F7B4465F8}.Release|Any CPU.Build.0 = Release|Any CPU
		{C6D1634F-3AC8-40AB-9A02-1B8D0F9CFAA3}.Debug|Any CPU.ActiveCfg = Debug|Any CPU
		{C6D1634F-3AC8-40AB-9A02-1B8D0F9CFAA3}.Debug|Any CPU.Build.0 = Debug|Any CPU
		{C6D1634F-3AC8-40AB-9A02-1B8D0F9CFAA3}.Release|Any CPU.ActiveCfg = Release|Any CPU
		{C6D1634F-3AC8-40AB-9A02-1B8D0F9CFAA3}.Release|Any CPU.Build.0 = Release|Any CPU
	EndGlobalSection
	GlobalSection(SolutionProperties) = preSolution
		HideSolutionNode = FALSE
	EndGlobalSection
	GlobalSection(ExtensibilityGlobals) = postSolution
		SolutionGuid = {817B4959-D123-468A-B015-E4B50D69DC04}
	EndGlobalSection
EndGlobal
